
Microsoft Visual Studio Solution File, Format Version 12.00
# Visual Studio Version 17
VisualStudioVersion = 17.6.33829.357
MinimumVisualStudioVersion = 10.0.40219.1
Project("{FAE04EC0-301F-11D3-BF4B-00C04F79EFBC}") = "MyBloggingRazorPage", "MyBloggingRazorPage\MyBloggingRazorPage.csproj", "{84676056-7A15-437D-9E4B-982407C8B57C}"
EndProject
Global
	GlobalSection(SolutionConfigurationPlatforms) = preSolution
		Debug|Any CPU = Debug|Any CPU
		Release|Any CPU = Release|Any CPU
	EndGlobalSection
	GlobalSection(ProjectConfigurationPlatforms) = postSolution
		{84676056-7A15-437D-9E4B-982407C8B57C}.Debug|Any CPU.ActiveCfg = Debug|Any CPU
		{84676056-7A15-437D-9E4B-982407C8B57C}.Debug|Any CPU.Build.0 = Debug|Any CPU
		{84676056-7A15-437D-9E4B-982407C8B57C}.Release|Any CPU.ActiveCfg = Release|Any CPU
		{84676056-7A15-437D-9E4B-982407C8B57C}.Release|Any CPU.Build.0 = Release|Any CPU
	EndGlobalSection
	GlobalSection(SolutionProperties) = preSolution
		HideSolutionNode = FALSE
	EndGlobalSection
	GlobalSection(ExtensibilityGlobals) = postSolution
		SolutionGuid = {FDADD493-473C-4C39-AE83-37C4CB112163}
	EndGlobalSection
EndGlobal
